# THIS IS AN AUTOGENERATED FILE. DO NOT EDIT THIS FILE DIRECTLY.
# yarn lockfile v1


"@frida/assert@^3.0.1":
  version "3.0.2"
  resolved "https://registry.yarnpkg.com/@frida/assert/-/assert-3.0.2.tgz#ca7b8a45352270e8b7c775fc276f0635f8004d80"
  integrity sha512-JXJq5SbXGrM5EkjrZKfRmB29zOoEOix02NC6A5TSJ+C1GE/X051EinJJsuOO2pEOx7KZwpvAHvS0WXW0+levKg==

"@frida/base64-js@^2.0.3":
  version "2.0.3"
  resolved "https://registry.yarnpkg.com/@frida/base64-js/-/base64-js-2.0.3.tgz#349f8df2eb4e2cc342758c0c9ebcd724fa9e0eb0"
  integrity sha512-2w0F+1TynOTCZ/v7du9LdHPWwq0lJhazjo2fF9upMyQmA1zHetT14fLuQ1v/6T0qPgyeEGkiSrybstU8EsgeUA==

"@frida/buffer@^7.0.4":
  version "7.0.4"
  resolved "https://registry.yarnpkg.com/@frida/buffer/-/buffer-7.0.4.tgz#32323e121a1a2cf9f96ef2297daddfe09f558cbe"
  integrity sha512-RxQ1lZRRiCJj7nhcCiD8xeJx0NsLpGGnjqsmTg7jShGmbnVFMN5W7+J+3gqdPSQhc/IxNBIWc6zRXVp4+qnYHg==
  dependencies:
    base64-js "^1.5.1"
    ieee754 "^1.2.1"

"@frida/crosspath@^3.0.0":
  version "3.0.0"
  resolved "https://registry.yarnpkg.com/@frida/crosspath/-/crosspath-3.0.0.tgz#65e243af84065f55c435925365aa72d447c26182"
  integrity sha512-bNdO1spIPD2P40XtK89N49oZpJhstdlnkJZcD4yJ17jrdkm9Ctu0sd9MIEX6Z8Tm8ydhVJBAOMEKl9/R27onAQ==
  dependencies:
    "@types/node" "^17.0.36"

"@frida/diagnostics_channel@^1.0.0":
  version "1.0.0"
  resolved "https://registry.yarnpkg.com/@frida/diagnostics_channel/-/diagnostics_channel-1.0.0.tgz#e3c55b9927b34930dcb876fdbfb960d5badfb163"
  integrity sha512-mYX1jp/5Bpk24tHArJNx65iCk7qSuV8YJkdU0gFNVtJUXxfV8BG5WuPa4mL+ynxsbWWpsg/cwKZbLAepYKTdQQ==

"@frida/events@^4.0.4":
  version "4.0.4"
  resolved "https://registry.yarnpkg.com/@frida/events/-/events-4.0.4.tgz#fb44467fc5ef89ce57a19b5e779f810168349b94"
  integrity sha512-qJVQ6VWHf9sjUKuiJzoCAC00frbpcwxeYfvQ+PP9LU/d70j+QvjWgYe98Qa3ekLaBU6r/AvWm8ThKCDUCLWrQQ==

"@frida/http-parser-js@^1.0.0":
  version "1.0.0"
  resolved "https://registry.yarnpkg.com/@frida/http-parser-js/-/http-parser-js-1.0.0.tgz#c512eef6758587198a8d2f5f7202f9cf16b4f76f"
  integrity sha512-2nMrNXt/OeTlWbqnE8AH4Sfz4I2+BGoN206dzKEyC/g2svtn83Xu+zuv/V3TkwrA27s26Mcy84ZwsXeNlqNxUQ==

"@frida/http@^4.0.1":
  version "4.0.1"
  resolved "https://registry.yarnpkg.com/@frida/http/-/http-4.0.1.tgz#359e2684eadf9e5832500fa17c6086350fc2304b"
  integrity sha512-fQioTV9lPcgGniVjZX2sKfCXuzlka0cw/jqJs/HA1I3P/sRKVc9gS5W/DJVBHgL3EXfqmLWu3dw0k2KD/g0nZg==
  dependencies:
    http-parser-js "^0.5.3"

"@frida/https@^1.0.0":
  version "1.0.0"
  resolved "https://registry.yarnpkg.com/@frida/https/-/https-1.0.0.tgz#a9d06352c830ac4df0bfcb5c0f557b76ca7331a3"
  integrity sha512-OiqQ6qsALcWOktRLq07oJ0i6sH8eX6MXb/MdZS1qVKDRf6wchH4Pjn6fiLB+pt/OlYbggk+DOfpHwSdjTwuHMQ==

"@frida/ieee754@^2.0.2":
  version "2.0.2"
  resolved "https://registry.yarnpkg.com/@frida/ieee754/-/ieee754-2.0.2.tgz#47dc65d51a94fa7f6fda2b6d67bc2e8d5d4ebe5f"
  integrity sha512-wlcUebnne4ENN7GDr5pTH598ZDLMVOsh0FjenxeVOe6u7ewZkz9gGRnLnZKJAm9kl5G6XhdxhI0cSXVQK/rQUw==

"@frida/net@^4.0.0":
  version "4.0.0"
  resolved "https://registry.yarnpkg.com/@frida/net/-/net-4.0.0.tgz#1cb5bb59057da4cfa29266f675e396f178c759e2"
  integrity sha512-U6spRrvRM2M7zOYsXe05QID22DHxfTnliBA8p8P2Gzvr0dErDfggK4ut/eMjTcUh/2nPwljJ6pEVZHfbE4nWMQ==

"@frida/os@^1.0.0":
  version "1.0.2"
  resolved "https://registry.yarnpkg.com/@frida/os/-/os-1.0.2.tgz#64419b11ea09e50d83d3304f1a6a804f92827fed"
  integrity sha512-3ISAiGNiyIya3QN2EHBCz1wqP0enTdSxP99wUeroeh8+AQRmgoOr/5TRnrVry8pe378anay3fmV/tdUMMSkehQ==

"@frida/path@^2.0.2":
  version "2.0.2"
  resolved "https://registry.yarnpkg.com/@frida/path/-/path-2.0.2.tgz#a84bbbc3113ba77d4fc2aa2de91d96a7b4f8e154"
  integrity sha512-QF4USKvaGWYvKisyvAH4x5arVj5F71n4enFLR/4xH0ZYoIsQwim7CCWg4bU9v0DKw8iPjHEwkCnkP4bm6L5IKA==

"@frida/process@^1.2.0":
  version "1.2.0"
  resolved "https://registry.yarnpkg.com/@frida/process/-/process-1.2.0.tgz#64088293b7232ca017a8c80ebf9d44653914c6a0"
  integrity sha512-ZevPe1qNEGL7AFJPd2irgNLg9dEDRtVsfos2OLPH64q0JZz3CJDBId+hk8K7AahV3gfpSATzKe4+tIzFO0Ym8w==

"@frida/punycode@^3.0.0":
  version "3.0.0"
  resolved "https://registry.yarnpkg.com/@frida/punycode/-/punycode-3.0.0.tgz#b841f24b57f4c08be8f6a7a0eb143259909a2a89"
  integrity sha512-XVSDY2KamDs1D5/fTVgHcOSNxdU4kTboxzqJMBbTjcQC7XScIT9c0EfbwKCq7Kci6gWQdsHSCr7lU+9Oc4KAdg==

"@frida/querystring@^1.0.0":
  version "1.0.0"
  resolved "https://registry.yarnpkg.com/@frida/querystring/-/querystring-1.0.0.tgz#13ac4b6b2aabc996a75c44491c2b5db292af16de"
  integrity sha512-15m1fOZPmoO/vWlgPJrG/J9/BJDz6a2/JpVGpS8ynNzo+fBhTznaStX5nHxUs24mVTqh/OqLo0EiYJM5WWHXxg==

"@frida/readable-stream@^4.1.3":
  version "4.1.3"
  resolved "https://registry.yarnpkg.com/@frida/readable-stream/-/readable-stream-4.1.3.tgz#9babc8cbca3f7e9e6feb2147361eea3c8bd5cf66"
  integrity sha512-ntGUFmi+CryRGRJIK13a/VST2Ad19uivbln8Xd92vKPAARq+6vMIASDyZIqyl5BLRccfiyCHdYgrgQ6RI5rUig==

"@frida/reserved-words@^1.0.0":
  version "1.0.0"
  resolved "https://registry.yarnpkg.com/@frida/reserved-words/-/reserved-words-1.0.0.tgz#218ea9f816261e92323c8983e7a22c80c39b5c63"
  integrity sha512-2yG/XxJlsGlk/mm6eZTb4OAaQEhkTI2qaFfZFtAsrA/XuCpuMWkS4y/guyBlsRu4hAuhK2HPmNM8+OLLK1zM9Q==

"@frida/stream@^1.0.1":
  version "1.0.1"
  resolved "https://registry.yarnpkg.com/@frida/stream/-/stream-1.0.1.tgz#f68a57654e72a2cc8be212064ba7b1b22b91abcc"
  integrity sha512-iqmnkhfoDcMjPcn0I6J0jz67L05zCB7by1FNq39UiM3VCBzm7JLaZTDDmMOGXYqwCETmrBcHvP+02v32QFXO3w==
  dependencies:
    readable-stream "^3.6.0"

"@frida/string_decoder@^2.0.0":
  version "2.0.0"
  resolved "https://registry.yarnpkg.com/@frida/string_decoder/-/string_decoder-2.0.0.tgz#1c648b5c16c8d66f41483c8ada448624edff74dc"
  integrity sha512-in371tYZMHQiW9HF5MS3JDw6Ao6tyBoq34UWy2rzOswYyMG1rpizh85ofi/yVkxDiaqybEZefxzkVittpPGT6g==

"@frida/timers@^3.0.0":
  version "3.0.0"
  resolved "https://registry.yarnpkg.com/@frida/timers/-/timers-3.0.0.tgz#50736e93dc24930f0a105c2047ad166809594397"
  integrity sha512-3b+0igv10aT8TMxefrTAd06rActqbxJLY2Xkkq9vYcPBffB/yHszl0NYIp/5ko8WC3ecDYPU6bQiY6fjs72zTA==

"@frida/tty@^1.0.0":
  version "1.0.0"
  resolved "https://registry.yarnpkg.com/@frida/tty/-/tty-1.0.0.tgz#1f5f5e17471bf41e28b20fbeca49ab5e13693cb6"
  integrity sha512-p/kjLnKYxEAB1MdYP8+5rKv9CsHzyA+0jg9BcGETzjQVKHHcroHDULRxDYUh+DC7qs6cpX8QdDQh9E+a6ydgsQ==

"@frida/url@^1.0.1":
  version "1.0.1"
  resolved "https://registry.yarnpkg.com/@frida/url/-/url-1.0.1.tgz#50396c5732176aae96d3171eadac4c1d8fae61a5"
  integrity sha512-c1gp4HnH9Cv+KCmTmXTJicBFtTcjAVZUDkQ7bY1o+A1mz82EeIJD9eTqeDtwGOA1RNVj2F2odZ+/Dyo5cpVhxA==
  dependencies:
    punycode "^2.1.1"
    querystring "^0.2.1"

"@frida/util@^1.0.3":
  version "1.0.3"
  resolved "https://registry.yarnpkg.com/@frida/util/-/util-1.0.3.tgz#b9273baaadead1a24d3619dd719fa109c210f7f0"
  integrity sha512-htcG3uDiRXv89ERVNNYhfase39kJ2X75ZARfrYcYEtJLFEsSk0nemM1YnEIR4CjrHvdvkWHrwgKkS+acOyoNEg==

"@frida/vm@^2.0.0":
  version "2.0.0"
  resolved "https://registry.yarnpkg.com/@frida/vm/-/vm-2.0.0.tgz#c98012838f34b0bb7ca0509f03a644a2ada230ff"
  integrity sha512-7fsjLWscZT5odNIBtg6qbLNI+vAk1xmii6H5W2kaYkMYt0vRohQEcDSUWacA+eaWlu5SvMjZI82Yibj/3G9pJw==

"@jridgewell/gen-mapping@^0.3.0":
  version "0.3.2"
  resolved "https://registry.yarnpkg.com/@jridgewell/gen-mapping/-/gen-mapping-0.3.2.tgz#c1aedc61e853f2bb9f5dfe6d4442d3b565b253b9"
  integrity sha512-mh65xKQAzI6iBcFzwv28KVWSmCkdRBWoOh+bYQGW3+6OZvbbN3TqMGo5hqYxQniRcH9F2VZIoJCm4pa3BPDK/A==
  dependencies:
    "@jridgewell/set-array" "^1.0.1"
    "@jridgewell/sourcemap-codec" "^1.4.10"
    "@jridgewell/trace-mapping" "^0.3.9"

"@jridgewell/resolve-uri@^3.0.3":
  version "3.1.0"
  resolved "https://registry.yarnpkg.com/@jridgewell/resolve-uri/-/resolve-uri-3.1.0.tgz#2203b118c157721addfe69d47b70465463066d78"
  integrity sha512-F2msla3tad+Mfht5cJq7LSXcdudKTWCVYUgw6pLFOOHSTtZlj6SWNYAp+AhuqLmWdBO2X5hPrLcu8cVP8fy28w==

"@jridgewell/set-array@^1.0.1":
  version "1.1.2"
  resolved "https://registry.yarnpkg.com/@jridgewell/set-array/-/set-array-1.1.2.tgz#7c6cf998d6d20b914c0a55a91ae928ff25965e72"
  integrity sha512-xnkseuNADM0gt2bs+BvhO0p78Mk762YnZdsuzFV018NoG1Sj1SCQvpSqa7XUaTam5vAGasABV9qXASMKnFMwMw==

"@jridgewell/source-map@^0.3.2":
  version "0.3.2"
  resolved "https://registry.yarnpkg.com/@jridgewell/source-map/-/source-map-0.3.2.tgz#f45351aaed4527a298512ec72f81040c998580fb"
  integrity sha512-m7O9o2uR8k2ObDysZYzdfhb08VuEml5oWGiosa1VdaPZ/A6QyPkAJuwN0Q1lhULOf6B7MtQmHENS743hWtCrgw==
  dependencies:
    "@jridgewell/gen-mapping" "^0.3.0"
    "@jridgewell/trace-mapping" "^0.3.9"

"@jridgewell/sourcemap-codec@^1.4.10":
  version "1.4.14"
  resolved "https://registry.yarnpkg.com/@jridgewell/sourcemap-codec/-/sourcemap-codec-1.4.14.tgz#add4c98d341472a289190b424efbdb096991bb24"
  integrity sha512-XPSJHWmi394fuUuzDnGz1wiKqWfo1yXecHQMRf2l6hztTO+nPru658AyDngaBe7isIxEkRsPR3FZh+s7iVa4Uw==

"@jridgewell/trace-mapping@^0.3.9":
  version "0.3.14"
  resolved "https://registry.yarnpkg.com/@jridgewell/trace-mapping/-/trace-mapping-0.3.14.tgz#b231a081d8f66796e475ad588a1ef473112701ed"
  integrity sha512-bJWEfQ9lPTvm3SneWwRFVLzrh6nhjwqw7TUFFBEMzwvg7t7PCDenf2lDwqo4NQXzdpgBXyFgDWnQA+2vkruksQ==
  dependencies:
    "@jridgewell/resolve-uri" "^3.0.3"
    "@jridgewell/sourcemap-codec" "^1.4.10"

"@types/frida-gum@^18.1.0":
  version "18.1.0"
  resolved "https://registry.yarnpkg.com/@types/frida-gum/-/frida-gum-18.1.0.tgz#272c09f2749ab273198ba19d0dcb2689154294ed"
  integrity sha512-risS3aEaGZHZLJaRcRAQVJNhPn77BpcUjdJXGkR24Ra/4gCYECLo6avUAzhWKn0qti/WD1V7RM1Oik+YxD5uWg==

"@types/node@^17.0.36":
  version "17.0.45"
  resolved "https://registry.yarnpkg.com/@types/node/-/node-17.0.45.tgz#2c0fafd78705e7a18b7906b5201a522719dc5190"
  integrity sha512-w+tIMs3rq2afQdsPJlODhoUEKzFP1ayaoyl1CcnwtIlsVe7K7bA1NGm4s3PraqTLlXnbIN84zuBlxBWo1u9BLw==

"@types/node@^18.0.6":
  version "18.0.6"
  resolved "https://registry.yarnpkg.com/@types/node/-/node-18.0.6.tgz#0ba49ac517ad69abe7a1508bc9b3a5483df9d5d7"
  integrity sha512-/xUq6H2aQm261exT6iZTMifUySEt4GR5KX8eYyY+C4MSNPqSh9oNIP7tz2GLKTlFaiBbgZNxffoR3CVRG+cljw==

acorn@^8.5.0:
  version "8.8.0"
  resolved "https://registry.yarnpkg.com/acorn/-/acorn-8.8.0.tgz#88c0187620435c7f6015803f5539dae05a9dbea8"
  integrity sha512-QOxyigPVrpZ2GXT+PFyZTl6TtOFc5egxHIP9IlQ+RbupQuX4RkT/Bee4/kQuC02Xkzg84JcT7oLYtDIQxp+v7w==

base64-js@^1.5.1:
  version "1.5.1"
  resolved "https://registry.yarnpkg.com/base64-js/-/base64-js-1.5.1.tgz#1b1b440160a5bf7ad40b650f095963481903930a"
  integrity sha512-AKpaYlHn8t4SVbOHCy+b5+KKgvR4vrsD8vbvrbiQJps7fKDTkjkDry6ji0rUJjC0kzbNePLwzxq8iypo41qeWA==

buffer-from@^1.0.0:
  version "1.1.2"
  resolved "https://registry.yarnpkg.com/buffer-from/-/buffer-from-1.1.2.tgz#2b146a6fd72e80b4f55d255f35ed59a3a9a41bd5"
  integrity sha512-E+XQCRwSbaaiChtv6k6Dwgc+bx+Bs6vuKJHHl5kox/BaKbhiXzqQOwK4cO22yElGp2OCmjwVhT3HmxgyPGnJfQ==

commander@^2.20.0:
  version "2.20.3"
  resolved "https://registry.yarnpkg.com/commander/-/commander-2.20.3.tgz#fd485e84c03eb4881c20722ba48035e8531aeb33"
  integrity sha512-GpVkmM8vF2vQUkj2LvZmD35JxeJOLCwJ9cUkugyk2nuhbv3+mJvpLYYt+0+USMxE+oj+ey/lJEnhZw75x/OMcQ==

commander@^9.3.0:
  version "9.4.0"
  resolved "https://registry.yarnpkg.com/commander/-/commander-9.4.0.tgz#bc4a40918fefe52e22450c111ecd6b7acce6f11c"
  integrity sha512-sRPT+umqkz90UA8M1yqYfnHlZA7fF6nSphDtxeywPZ49ysjxDQybzk13CL+mXekDRG92skbcqCLVovuCusNmFw==

frida-compile@^15.1.0:
  version "15.1.0"
  resolved "https://registry.yarnpkg.com/frida-compile/-/frida-compile-15.1.0.tgz#48633d9a845d832359b0e4df48804e8d213a5f9b"
  integrity sha512-2TOFKFlOo/kVFscJSVM2fE9Yw6CMk/PgakZ/QGmUWPdKhhOF0txLvEq8S0BfdPmIBcXpWLAq0ct7lEUzhwOYAg==
  dependencies:
    "@frida/assert" "^3.0.1"
    "@frida/base64-js" "^2.0.3"
    "@frida/buffer" "^7.0.4"
    "@frida/crosspath" "^3.0.0"
    "@frida/diagnostics_channel" "^1.0.0"
    "@frida/events" "^4.0.4"
    "@frida/http" "^4.0.1"
    "@frida/http-parser-js" "^1.0.0"
    "@frida/https" "^1.0.0"
    "@frida/ieee754" "^2.0.2"
    "@frida/net" "^4.0.0"
    "@frida/os" "^1.0.0"
    "@frida/path" "^2.0.2"
    "@frida/process" "^1.2.0"
    "@frida/punycode" "^3.0.0"
    "@frida/querystring" "^1.0.0"
    "@frida/readable-stream" "^4.1.3"
    "@frida/reserved-words" "^1.0.0"
    "@frida/stream" "^1.0.1"
    "@frida/string_decoder" "^2.0.0"
    "@frida/timers" "^3.0.0"
    "@frida/tty" "^1.0.0"
    "@frida/url" "^1.0.1"
    "@frida/util" "^1.0.3"
    "@frida/vm" "^2.0.0"
    commander "^9.3.0"
    frida-fs "^5.2.0"
    terser "^5.14.1"
    typed-emitter "^2.1.0"

frida-fs@^5.2.0:
  version "5.2.0"
  resolved "https://registry.yarnpkg.com/frida-fs/-/frida-fs-5.2.0.tgz#598b0dd07958651675060d94415f4f7de08e9326"
  integrity sha512-xnqE4e1VkMsMyrISCbUayp54ugzZ4mcfcn8N95i2nSMrpjrWxvRx3QMc6N10iXG1is5C2sQzQ6r5eaWUe+Ro0w==

http-parser-js@^0.5.3:
  version "0.5.8"
  resolved "https://registry.yarnpkg.com/http-parser-js/-/http-parser-js-0.5.8.tgz#af23090d9ac4e24573de6f6aecc9d84a48bf20e3"
  integrity sha512-SGeBX54F94Wgu5RH3X5jsDtf4eHyRogWX1XGT3b4HuW3tQPM4AaBzoUji/4AAJNXCEOWZ5O0DgZmJw1947gD5Q==

ieee754@^1.2.1:
  version "1.2.1"
  resolved "https://registry.yarnpkg.com/ieee754/-/ieee754-1.2.1.tgz#8eb7a10a63fff25d15a57b001586d177d1b0d352"
  integrity sha512-dcyqhDvX1C46lXZcVqCpK+FtMRQVdIMN6/Df5js2zouUsqG7I6sFxitIC+7KYK29KdXOLHdu9zL4sFnoVQnqaA==

inherits@^2.0.3:
  version "2.0.4"
  resolved "https://registry.yarnpkg.com/inherits/-/inherits-2.0.4.tgz#0fa2c64f932917c3433a0ded55363aae37416b7c"
  integrity sha512-k/vGaX4/Yla3WzyMCvTQOXYeIHvqOKtnqBduzTHpzpQZzAskKMhZ2K+EnBiSM9zGSoIFeMpXKxa4dYeZIQqewQ==

punycode@^2.1.1:
  version "2.1.1"
  resolved "https://registry.yarnpkg.com/punycode/-/punycode-2.1.1.tgz#b58b010ac40c22c5657616c8d2c2c02c7bf479ec"
  integrity sha512-XRsRjdf+j5ml+y/6GKHPZbrF/8p2Yga0JPtdqTIY2Xe5ohJPD9saDJJLPvp9+NSBprVvevdXZybnj2cv8OEd0A==

querystring@^0.2.1:
  version "0.2.1"
  resolved "https://registry.yarnpkg.com/querystring/-/querystring-0.2.1.tgz#40d77615bb09d16902a85c3e38aa8b5ed761c2dd"
  integrity sha512-wkvS7mL/JMugcup3/rMitHmd9ecIGd2lhFhK9N3UUQ450h66d1r3Y9nvXzQAW1Lq+wyx61k/1pfKS5KuKiyEbg==

readable-stream@^3.6.0:
  version "3.6.0"
  resolved "https://registry.yarnpkg.com/readable-stream/-/readable-stream-3.6.0.tgz#337bbda3adc0706bd3e024426a286d4b4b2c9198"
  integrity sha512-BViHy7LKeTz4oNnkcLJ+lVSL6vpiFeX6/d3oSH8zCW7UxP2onchk+vTGB143xuFjHS3deTgkKoXXymXqymiIdA==
  dependencies:
    inherits "^2.0.3"
    string_decoder "^1.1.1"
    util-deprecate "^1.0.1"

rxjs@^7.5.2:
  version "7.5.6"
  resolved "https://registry.yarnpkg.com/rxjs/-/rxjs-7.5.6.tgz#0446577557862afd6903517ce7cae79ecb9662bc"
  integrity sha512-dnyv2/YsXhnm461G+R/Pe5bWP41Nm6LBXEYWI6eiFP4fiwx6WRI/CD0zbdVAudd9xwLEF2IDcKXLHit0FYjUzw==
  dependencies:
    tslib "^2.1.0"

safe-buffer@~5.2.0:
  version "5.2.1"
  resolved "https://registry.yarnpkg.com/safe-buffer/-/safe-buffer-5.2.1.tgz#1eaf9fa9bdb1fdd4ec75f58f9cdb4e6b7827eec6"
  integrity sha512-rp3So07KcdmmKbGvgaNxQSJr7bGVSVk5S9Eq1F+ppbRo70+YeaDxkw5Dd8NPN+GD6bjnYm2VuPuCXmpuYvmCXQ==

source-map-support@~0.5.20:
  version "0.5.21"
  resolved "https://registry.yarnpkg.com/source-map-support/-/source-map-support-0.5.21.tgz#04fe7c7f9e1ed2d662233c28cb2b35b9f63f6e4f"
  integrity sha512-uBHU3L3czsIyYXKX88fdrGovxdSCoTGDRZ6SYXtSRxLZUzHg5P/66Ht6uoUlHu9EZod+inXhKo3qQgwXUT/y1w==
  dependencies:
    buffer-from "^1.0.0"
    source-map "^0.6.0"

source-map@^0.6.0:
  version "0.6.1"
  resolved "https://registry.yarnpkg.com/source-map/-/source-map-0.6.1.tgz#74722af32e9614e9c287a8d0bbde48b5e2f1a263"
  integrity sha512-UjgapumWlbMhkBgzT7Ykc5YXUT46F0iKu8SGXq0bcwP5dz/h0Plj6enJqjz1Zbq2l5WaqYnrVbwWOWMyF3F47g==

string_decoder@^1.1.1:
  version "1.3.0"
  resolved "https://registry.yarnpkg.com/string_decoder/-/string_decoder-1.3.0.tgz#42f114594a46cf1a8e30b0a84f56c78c3edac21e"
  integrity sha512-hkRX8U1WjJFd8LsDJ2yQ/wWWxaopEsABU1XfkM8A+j0+85JAGppt16cr1Whg6KIbb4okU6Mql6BOj+uup/wKeA==
  dependencies:
    safe-buffer "~5.2.0"

terser@^5.14.1:
  version "5.14.2"
  resolved "https://registry.yarnpkg.com/terser/-/terser-5.14.2.tgz#9ac9f22b06994d736174f4091aa368db896f1c10"
  integrity sha512-oL0rGeM/WFQCUd0y2QrWxYnq7tfSuKBiqTjRPWrRgB46WD/kiwHwF8T23z78H6Q6kGCuuHcPB+KULHRdxvVGQA==
  dependencies:
    "@jridgewell/source-map" "^0.3.2"
    acorn "^8.5.0"
    commander "^2.20.0"
    source-map-support "~0.5.20"

tslib@^2.1.0:
  version "2.4.0"
  resolved "https://registry.yarnpkg.com/tslib/-/tslib-2.4.0.tgz#7cecaa7f073ce680a05847aa77be941098f36dc3"
  integrity sha512-d6xOpEDfsi2CZVlPQzGeux8XMwLT9hssAsaPYExaQMuYskwb+x1x7J371tWlbBdWHroy99KnVB6qIkUbs5X3UQ==

typed-emitter@^2.1.0:
  version "2.1.0"
  resolved "https://registry.yarnpkg.com/typed-emitter/-/typed-emitter-2.1.0.tgz#ca78e3d8ef1476f228f548d62e04e3d4d3fd77fb"
  integrity sha512-g/KzbYKbH5C2vPkaXGu8DJlHrGKHLsM25Zg9WuC9pMGfuvT+X25tZQWo5fK1BjBm8+UrVE9LDCvaY0CQk+fXDA==
  optionalDependencies:
    rxjs "^7.5.2"

util-deprecate@^1.0.1:
  version "1.0.2"
  resolved "https://registry.yarnpkg.com/util-deprecate/-/util-deprecate-1.0.2.tgz#450d4dc9fa70de732762fbd2d4a28981419a0ccf"
  integrity sha512-EPD5q1uXyFxJpCrLnCc1nHnq3gOa6DZBocAIiI2TaSCA7VCJ1UJDMagCzIkXNsUYfD1daK//LTEQ8xiIbrHtcw==
